
Microsoft Visual Studio Solution File, Format Version 12.00
# Visual Studio Version 17
VisualStudioVersion = 17.7.34031.279
MinimumVisualStudioVersion = 10.0.40219.1
Project("{FAE04EC0-301F-11D3-BF4B-00C04F79EFBC}") = "Suma de 8 C#", "Suma de 8 C#\Suma de 8 C#.csproj", "{75F859D9-C428-4654-AE45-F96CA3A856AD}"
EndProject
Global
	GlobalSection(SolutionConfigurationPlatforms) = preSolution
		Debug|Any CPU = Debug|Any CPU
		Release|Any CPU = Release|Any CPU
	EndGlobalSection
	GlobalSection(ProjectConfigurationPlatforms) = postSolution
		{75F859D9-C428-4654-AE45-F96CA3A856AD}.Debug|Any CPU.ActiveCfg = Debug|Any CPU
		{75F859D9-C428-4654-AE45-F96CA3A856AD}.Debug|Any CPU.Build.0 = Debug|Any CPU
		{75F859D9-C428-4654-AE45-F96CA3A856AD}.Release|Any CPU.ActiveCfg = Release|Any CPU
		{75F859D9-C428-4654-AE45-F96CA3A856AD}.Release|Any CPU.Build.0 = Release|Any CPU
	EndGlobalSection
	GlobalSection(SolutionProperties) = preSolution
		HideSolutionNode = FALSE
	EndGlobalSection
	GlobalSection(ExtensibilityGlobals) = postSolution
		SolutionGuid = {A3D175D1-F181-4489-80B6-B651BA2899E3}
	EndGlobalSection
EndGlobal
